
Microsoft Visual Studio Solution File, Format Version 12.00
# Visual Studio 15
Project("{FAE04EC0-301F-11D3-BF4B-00C04F79EFBC}") = "Assembly-CSharp", "Assembly-CSharp.csproj", "{8EFA593B-F726-D2CA-F28D-6496F9A90AC6}"
EndProject
Project("{FAE04EC0-301F-11D3-BF4B-00C04F79EFBC}") = "Assembly-CSharp-Editor", "Assembly-CSharp-Editor.csproj", "{8496E25B-5F7F-CA6E-62C0-6BBBC4F03295}"
EndProject
Global
	GlobalSection(SolutionConfigurationPlatforms) = preSolution
		Debug|Any CPU = Debug|Any CPU
		Release|Any CPU = Release|Any CPU
	EndGlobalSection
	GlobalSection(ProjectConfigurationPlatforms) = postSolution
		{8EFA593B-F726-D2CA-F28D-6496F9A90AC6}.Debug|Any CPU.ActiveCfg = Debug|Any CPU
		{8EFA593B-F726-D2CA-F28D-6496F9A90AC6}.Debug|Any CPU.Build.0 = Debug|Any CPU
		{8EFA593B-F726-D2CA-F28D-6496F9A90AC6}.Release|Any CPU.ActiveCfg = Release|Any CPU
		{8EFA593B-F726-D2CA-F28D-6496F9A90AC6}.Release|Any CPU.Build.0 = Release|Any CPU
		{8496E25B-5F7F-CA6E-62C0-6BBBC4F03295}.Debug|Any CPU.ActiveCfg = Debug|Any CPU
		{8496E25B-5F7F-CA6E-62C0-6BBBC4F03295}.Debug|Any CPU.Build.0 = Debug|Any CPU
		{8496E25B-5F7F-CA6E-62C0-6BBBC4F03295}.Release|Any CPU.ActiveCfg = Release|Any CPU
		{8496E25B-5F7F-CA6E-62C0-6BBBC4F03295}.Release|Any CPU.Build.0 = Release|Any CPU
	EndGlobalSection
	GlobalSection(SolutionProperties) = preSolution
		HideSolutionNode = FALSE
	EndGlobalSection
EndGlobal
